
Microsoft Visual Studio Solution File, Format Version 12.00
# Visual Studio 15
VisualStudioVersion = 15.0.28307.421
MinimumVisualStudioVersion = 10.0.40219.1
Project("{FAE04EC0-301F-11D3-BF4B-00C04F79EFBC}") = "ClassLibrary1", "ClassLibrary1\ClassLibrary1.csproj", "{81362736-3D36-4A80-9FC2-D1F095927FAD}"
EndProject
Global
	GlobalSection(SolutionConfigurationPlatforms) = preSolution
		Debug|Any CPU = Debug|Any CPU
		Release|Any CPU = Release|Any CPU
	EndGlobalSection
	GlobalSection(ProjectConfigurationPlatforms) = postSolution
		{81362736-3D36-4A80-9FC2-D1F095927FAD}.Debug|Any CPU.ActiveCfg = Debug|Any CPU
		{81362736-3D36-4A80-9FC2-D1F095927FAD}.Debug|Any CPU.Build.0 = Debug|Any CPU
		{81362736-3D36-4A80-9FC2-D1F095927FAD}.Release|Any CPU.ActiveCfg = Release|Any CPU
		{81362736-3D36-4A80-9FC2-D1F095927FAD}.Release|Any CPU.Build.0 = Release|Any CPU
	EndGlobalSection
	GlobalSection(SolutionProperties) = preSolution
		HideSolutionNode = FALSE
	EndGlobalSection
	GlobalSection(ExtensibilityGlobals) = postSolution
		SolutionGuid = {369D3DB9-C68B-47C7-9451-58D840B0D607}
	EndGlobalSection
EndGlobal
